
Microsoft Visual Studio Solution File, Format Version 12.00
# Visual Studio Version 17
VisualStudioVersion = 17.14.36705.20
MinimumVisualStudioVersion = 10.0.40219.1
Project("{FAE04EC0-301F-11D3-BF4B-00C04F79EFBC}") = "ImperialManeuverABeachhead", "ImperialManeuverABeachhead\ImperialManeuverABeachhead.csproj", "{7EB96CA9-EB31-45EE-9441-A6C3457B1A40}"
EndProject
Project("{FAE04EC0-301F-11D3-BF4B-00C04F79EFBC}") = "Data", "Data\Data.csproj", "{AE8E2E54-CA0B-F6F5-0102-F79722AD1421}"
EndProject
Project("{FAE04EC0-301F-11D3-BF4B-00C04F79EFBC}") = "RealizationMVVM", "RealizationMVVM\RealizationMVVM.csproj", "{9ED3E5A4-9893-1D86-24EF-016580B52F29}"
EndProject
Project("{FAE04EC0-301F-11D3-BF4B-00C04F79EFBC}") = "MainComponents", "MainComponents\MainComponents.csproj", "{ACC4D31A-61C3-40F5-A943-32D7D8863885}"
EndProject
Project("{FAE04EC0-301F-11D3-BF4B-00C04F79EFBC}") = "Core", "Core\Core.csproj", "{359B9E16-3508-4BD8-9E17-E14D85CBA936}"
EndProject
Global
	GlobalSection(SolutionConfigurationPlatforms) = preSolution
		Debug|Any CPU = Debug|Any CPU
		Release|Any CPU = Release|Any CPU
	EndGlobalSection
	GlobalSection(ProjectConfigurationPlatforms) = postSolution
		{7EB96CA9-EB31-45EE-9441-A6C3457B1A40}.Debug|Any CPU.ActiveCfg = Debug|Any CPU
		{7EB96CA9-EB31-45EE-9441-A6C3457B1A40}.Debug|Any CPU.Build.0 = Debug|Any CPU
		{7EB96CA9-EB31-45EE-9441-A6C3457B1A40}.Release|Any CPU.ActiveCfg = Release|Any CPU
		{7EB96CA9-EB31-45EE-9441-A6C3457B1A40}.Release|Any CPU.Build.0 = Release|Any CPU
		{AE8E2E54-CA0B-F6F5-0102-F79722AD1421}.Debug|Any CPU.ActiveCfg = Debug|Any CPU
		{AE8E2E54-CA0B-F6F5-0102-F79722AD1421}.Debug|Any CPU.Build.0 = Debug|Any CPU
		{AE8E2E54-CA0B-F6F5-0102-F79722AD1421}.Release|Any CPU.ActiveCfg = Release|Any CPU
		{AE8E2E54-CA0B-F6F5-0102-F79722AD1421}.Release|Any CPU.Build.0 = Release|Any CPU
		{9ED3E5A4-9893-1D86-24EF-016580B52F29}.Debug|Any CPU.ActiveCfg = Debug|Any CPU
		{9ED3E5A4-9893-1D86-24EF-016580B52F29}.Debug|Any CPU.Build.0 = Debug|Any CPU
		{9ED3E5A4-9893-1D86-24EF-016580B52F29}.Release|Any CPU.ActiveCfg = Release|Any CPU
		{9ED3E5A4-9893-1D86-24EF-016580B52F29}.Release|Any CPU.Build.0 = Release|Any CPU
		{ACC4D31A-61C3-40F5-A943-32D7D8863885}.Debug|Any CPU.ActiveCfg = Debug|Any CPU
		{ACC4D31A-61C3-40F5-A943-32D7D8863885}.Debug|Any CPU.Build.0 = Debug|Any CPU
		{ACC4D31A-61C3-40F5-A943-32D7D8863885}.Release|Any CPU.ActiveCfg = Release|Any CPU
		{ACC4D31A-61C3-40F5-A943-32D7D8863885}.Release|Any CPU.Build.0 = Release|Any CPU
		{359B9E16-3508-4BD8-9E17-E14D85CBA936}.Debug|Any CPU.ActiveCfg = Debug|Any CPU
		{359B9E16-3508-4BD8-9E17-E14D85CBA936}.Debug|Any CPU.Build.0 = Debug|Any CPU
		{359B9E16-3508-4BD8-9E17-E14D85CBA936}.Release|Any CPU.ActiveCfg = Release|Any CPU
		{359B9E16-3508-4BD8-9E17-E14D85CBA936}.Release|Any CPU.Build.0 = Release|Any CPU
	EndGlobalSection
	GlobalSection(SolutionProperties) = preSolution
		HideSolutionNode = FALSE
	EndGlobalSection
	GlobalSection(ExtensibilityGlobals) = postSolution
		SolutionGuid = {A555180C-32A9-4AC3-B8F6-AC01C5AA9F74}
	EndGlobalSection
EndGlobal
