
Microsoft Visual Studio Solution File, Format Version 12.00
# Visual Studio Version 17
VisualStudioVersion = 17.14.36705.20 d17.14
MinimumVisualStudioVersion = 10.0.40219.1
Project("{FAE04EC0-301F-11D3-BF4B-00C04F79EFBC}") = "ImperialManeuverABeachhead", "ImperialManeuverABeachhead\ImperialManeuverABeachhead.csproj", "{7EB96CA9-EB31-45EE-9441-A6C3457B1A40}"
EndProject
Global
	GlobalSection(SolutionConfigurationPlatforms) = preSolution
		Debug|Any CPU = Debug|Any CPU
		Release|Any CPU = Release|Any CPU
	EndGlobalSection
	GlobalSection(ProjectConfigurationPlatforms) = postSolution
		{7EB96CA9-EB31-45EE-9441-A6C3457B1A40}.Debug|Any CPU.ActiveCfg = Debug|Any CPU
		{7EB96CA9-EB31-45EE-9441-A6C3457B1A40}.Debug|Any CPU.Build.0 = Debug|Any CPU
		{7EB96CA9-EB31-45EE-9441-A6C3457B1A40}.Release|Any CPU.ActiveCfg = Release|Any CPU
		{7EB96CA9-EB31-45EE-9441-A6C3457B1A40}.Release|Any CPU.Build.0 = Release|Any CPU
	EndGlobalSection
	GlobalSection(SolutionProperties) = preSolution
		HideSolutionNode = FALSE
	EndGlobalSection
	GlobalSection(ExtensibilityGlobals) = postSolution
		SolutionGuid = {A555180C-32A9-4AC3-B8F6-AC01C5AA9F74}
	EndGlobalSection
EndGlobal
